
Microsoft Visual Studio Solution File, Format Version 12.00
# Visual Studio Version 17
VisualStudioVersion = 17.6.33829.357
MinimumVisualStudioVersion = 10.0.40219.1
Project("{FAE04EC0-301F-11D3-BF4B-00C04F79EFBC}") = "GrpcClient", "GrpcClient\GrpcClient.csproj", "{BE404EBD-5F25-40C4-92C6-17E91A46ECF5}"
EndProject
Global
	GlobalSection(SolutionConfigurationPlatforms) = preSolution
		Debug|Any CPU = Debug|Any CPU
		Release|Any CPU = Release|Any CPU
	EndGlobalSection
	GlobalSection(ProjectConfigurationPlatforms) = postSolution
		{BE404EBD-5F25-40C4-92C6-17E91A46ECF5}.Debug|Any CPU.ActiveCfg = Debug|Any CPU
		{BE404EBD-5F25-40C4-92C6-17E91A46ECF5}.Debug|Any CPU.Build.0 = Debug|Any CPU
		{BE404EBD-5F25-40C4-92C6-17E91A46ECF5}.Release|Any CPU.ActiveCfg = Release|Any CPU
		{BE404EBD-5F25-40C4-92C6-17E91A46ECF5}.Release|Any CPU.Build.0 = Release|Any CPU
	EndGlobalSection
	GlobalSection(SolutionProperties) = preSolution
		HideSolutionNode = FALSE
	EndGlobalSection
	GlobalSection(ExtensibilityGlobals) = postSolution
		SolutionGuid = {3B675E93-3A2E-45A5-8640-F14D887080F0}
	EndGlobalSection
EndGlobal
